// !$*UTF8*$!
{
	archiveVersion = 1;
	classes = {
	};
	objectVersion = 45;
	objects = {

/* Begin PBXBuildFile section */
		1DDD582C0DA1D0D100B32029 /* VertexDocument.xib in Resources */ = {isa = PBXBuildFile; fileRef = 1DDD58280DA1D0D100B32029 /* VertexDocument.xib */; };
		1DDD582D0DA1D0D100B32029 /* MainMenu.xib in Resources */ = {isa = PBXBuildFile; fileRef = 1DDD582A0DA1D0D100B32029 /* MainMenu.xib */; };
		8D15AC2C0486D014006FF6A4 /* Credits.rtf in Resources */ = {isa = PBXBuildFile; fileRef = 2A37F4B9FDCFA73011CA2CEA /* Credits.rtf */; };
		8D15AC2F0486D014006FF6A4 /* InfoPlist.strings in Resources */ = {isa = PBXBuildFile; fileRef = 089C165FFE840EACC02AAC07 /* InfoPlist.strings */; };
		8D15AC310486D014006FF6A4 /* VertexDocument.m in Sources */ = {isa = PBXBuildFile; fileRef = 2A37F4ACFDCFA73011CA2CEA /* VertexDocument.m */; settings = {ATTRIBUTES = (); }; };
		8D15AC320486D014006FF6A4 /* main.m in Sources */ = {isa = PBXBuildFile; fileRef = 2A37F4B0FDCFA73011CA2CEA /* main.m */; settings = {ATTRIBUTES = (); }; };
		8D15AC340486D014006FF6A4 /* Cocoa.framework in Frameworks */ = {isa = PBXBuildFile; fileRef = 1058C7A7FEA54F5311CA2CBB /* Cocoa.framework */; };
		8F29ACF4112EC88300459CEB /* Quartz.framework in Frameworks */ = {isa = PBXBuildFile; fileRef = 8F29ACF3112EC88300459CEB /* Quartz.framework */; };
		8F29AD46112F4FA800459CEB /* QuartzCore.framework in Frameworks */ = {isa = PBXBuildFile; fileRef = 8F29AD45112F4FA800459CEB /* QuartzCore.framework */; };
		8F29AD51112F509600459CEB /* ImageViewGridLayer.m in Sources */ = {isa = PBXBuildFile; fileRef = 8F29AD50112F509600459CEB /* ImageViewGridLayer.m */; };
		8F7B77921136C35800DE53AE /* drop_sprite.png in Resources */ = {isa = PBXBuildFile; fileRef = 8F7B77911136C35800DE53AE /* drop_sprite.png */; };
		8F7B77F51136F58400DE53AE /* icon.icns in Resources */ = {isa = PBXBuildFile; fileRef = 8F7B77F41136F58400DE53AE /* icon.icns */; };
		8FF6A23712C08E0D005EF244 /* PrioritySplitViewDelegate.m in Sources */ = {isa = PBXBuildFile; fileRef = 8FF6A23612C08E0D005EF244 /* PrioritySplitViewDelegate.m */; };
		8FF6A31112C0ADA6005EF244 /* SWImageView.m in Sources */ = {isa = PBXBuildFile; fileRef = 8FF6A31012C0ADA6005EF244 /* SWImageView.m */; };
		E0E6CFE411CF660000DED378 /* VertexScanner.cpp in Sources */ = {isa = PBXBuildFile; fileRef = E0E6CFE311CF660000DED378 /* VertexScanner.cpp */; };
		E0E6D04A11CFB95100DED378 /* VertexScanner.cpp in Sources */ = {isa = PBXBuildFile; fileRef = E0E6CFE311CF660000DED378 /* VertexScanner.cpp */; };
		E0E6D04F11CFB99A00DED378 /* VertexScannerMain.cpp in Sources */ = {isa = PBXBuildFile; fileRef = E0E6D04D11CFB98800DED378 /* VertexScannerMain.cpp */; };
		E0E6D05211CFBA1100DED378 /* PNGLoader.cpp in Sources */ = {isa = PBXBuildFile; fileRef = E0E6D05111CFBA1100DED378 /* PNGLoader.cpp */; };
		E0E6D12B11CFC73800DED378 /* Quartz.framework in Frameworks */ = {isa = PBXBuildFile; fileRef = 8F29ACF3112EC88300459CEB /* Quartz.framework */; };
		E0E6D12C11CFC73800DED378 /* QuartzCore.framework in Frameworks */ = {isa = PBXBuildFile; fileRef = 8F29AD45112F4FA800459CEB /* QuartzCore.framework */; };
/* End PBXBuildFile section */

/* Begin PBXFileReference section */
		089C1660FE840EACC02AAC07 /* English */ = {isa = PBXFileReference; fileEncoding = 4; lastKnownFileType = text.plist.strings; name = English; path = English.lproj/InfoPlist.strings; sourceTree = "<group>"; };
		1058C7A7FEA54F5311CA2CBB /* Cocoa.framework */ = {isa = PBXFileReference; lastKnownFileType = wrapper.framework; name = Cocoa.framework; path = /System/Library/Frameworks/Cocoa.framework; sourceTree = "<absolute>"; };
		13E42FBA07B3F13500E4EEF1 /* CoreData.framework */ = {isa = PBXFileReference; lastKnownFileType = wrapper.framework; name = CoreData.framework; path = /System/Library/Frameworks/CoreData.framework; sourceTree = "<absolute>"; };
		1DDD58290DA1D0D100B32029 /* English */ = {isa = PBXFileReference; lastKnownFileType = file.xib; name = English; path = English.lproj/VertexDocument.xib; sourceTree = "<group>"; };
		1DDD582B0DA1D0D100B32029 /* English */ = {isa = PBXFileReference; lastKnownFileType = file.xib; name = English; path = English.lproj/MainMenu.xib; sourceTree = "<group>"; };
		2564AD2C0F5327BB00F57823 /* VertexHelper_Prefix.pch */ = {isa = PBXFileReference; fileEncoding = 4; lastKnownFileType = sourcecode.c.h; path = VertexHelper_Prefix.pch; sourceTree = "<group>"; };
		2A37F4ACFDCFA73011CA2CEA /* VertexDocument.m */ = {isa = PBXFileReference; fileEncoding = 4; lastKnownFileType = sourcecode.c.objc; path = VertexDocument.m; sourceTree = "<group>"; };
		2A37F4AEFDCFA73011CA2CEA /* VertexDocument.h */ = {isa = PBXFileReference; fileEncoding = 4; lastKnownFileType = sourcecode.c.h; path = VertexDocument.h; sourceTree = "<group>"; };
		2A37F4B0FDCFA73011CA2CEA /* main.m */ = {isa = PBXFileReference; fileEncoding = 4; lastKnownFileType = sourcecode.c.objc; path = main.m; sourceTree = "<group>"; };
		2A37F4BAFDCFA73011CA2CEA /* English */ = {isa = PBXFileReference; lastKnownFileType = text.rtf; name = English; path = English.lproj/Credits.rtf; sourceTree = "<group>"; };
		2A37F4C4FDCFA73011CA2CEA /* AppKit.framework */ = {isa = PBXFileReference; lastKnownFileType = wrapper.framework; name = AppKit.framework; path = /System/Library/Frameworks/AppKit.framework; sourceTree = "<absolute>"; };
		2A37F4C5FDCFA73011CA2CEA /* Foundation.framework */ = {isa = PBXFileReference; lastKnownFileType = wrapper.framework; name = Foundation.framework; path = /System/Library/Frameworks/Foundation.framework; sourceTree = "<absolute>"; };
		8D15AC360486D014006FF6A4 /* VertexHelper-Info.plist */ = {isa = PBXFileReference; fileEncoding = 4; lastKnownFileType = text.plist.xml; path = "VertexHelper-Info.plist"; sourceTree = "<group>"; };
		8D15AC370486D014006FF6A4 /* VertexHelper.app */ = {isa = PBXFileReference; explicitFileType = wrapper.application; includeInIndex = 0; path = VertexHelper.app; sourceTree = BUILT_PRODUCTS_DIR; };
		8F29ACF3112EC88300459CEB /* Quartz.framework */ = {isa = PBXFileReference; lastKnownFileType = wrapper.framework; name = Quartz.framework; path = System/Library/Frameworks/Quartz.framework; sourceTree = SDKROOT; };
		8F29AD45112F4FA800459CEB /* QuartzCore.framework */ = {isa = PBXFileReference; lastKnownFileType = wrapper.framework; name = QuartzCore.framework; path = System/Library/Frameworks/QuartzCore.framework; sourceTree = SDKROOT; };
		8F29AD4F112F509600459CEB /* ImageViewGridLayer.h */ = {isa = PBXFileReference; fileEncoding = 4; lastKnownFileType = sourcecode.c.h; path = ImageViewGridLayer.h; sourceTree = "<group>"; };
		8F29AD50112F509600459CEB /* ImageViewGridLayer.m */ = {isa = PBXFileReference; fileEncoding = 4; lastKnownFileType = sourcecode.c.objc; path = ImageViewGridLayer.m; sourceTree = "<group>"; };
		8F7B77911136C35800DE53AE /* drop_sprite.png */ = {isa = PBXFileReference; lastKnownFileType = image.png; path = drop_sprite.png; sourceTree = "<group>"; };
		8F7B77F41136F58400DE53AE /* icon.icns */ = {isa = PBXFileReference; lastKnownFileType = image.icns; path = icon.icns; sourceTree = "<group>"; };
		8FF6A23512C08E0D005EF244 /* PrioritySplitViewDelegate.h */ = {isa = PBXFileReference; fileEncoding = 4; lastKnownFileType = sourcecode.c.h; path = PrioritySplitViewDelegate.h; sourceTree = "<group>"; };
		8FF6A23612C08E0D005EF244 /* PrioritySplitViewDelegate.m */ = {isa = PBXFileReference; fileEncoding = 4; lastKnownFileType = sourcecode.c.objc; path = PrioritySplitViewDelegate.m; sourceTree = "<group>"; };
		8FF6A30F12C0ADA6005EF244 /* SWImageView.h */ = {isa = PBXFileReference; fileEncoding = 4; lastKnownFileType = sourcecode.c.h; path = SWImageView.h; sourceTree = "<group>"; };
		8FF6A31012C0ADA6005EF244 /* SWImageView.m */ = {isa = PBXFileReference; fileEncoding = 4; lastKnownFileType = sourcecode.c.objc; path = SWImageView.m; sourceTree = "<group>"; };
		E0E6CFE211CF660000DED378 /* VertexScanner.h */ = {isa = PBXFileReference; fileEncoding = 4; lastKnownFileType = sourcecode.c.h; path = VertexScanner.h; sourceTree = "<group>"; };
		E0E6CFE311CF660000DED378 /* VertexScanner.cpp */ = {isa = PBXFileReference; fileEncoding = 4; lastKnownFileType = sourcecode.cpp.cpp; path = VertexScanner.cpp; sourceTree = "<group>"; };
		E0E6D03F11CFB7E400DED378 /* VertexScanner */ = {isa = PBXFileReference; explicitFileType = "compiled.mach-o.executable"; includeInIndex = 0; path = VertexScanner; sourceTree = BUILT_PRODUCTS_DIR; };
		E0E6D04D11CFB98800DED378 /* VertexScannerMain.cpp */ = {isa = PBXFileReference; fileEncoding = 4; lastKnownFileType = sourcecode.cpp.cpp; path = VertexScannerMain.cpp; sourceTree = "<group>"; };
		E0E6D05011CFBA1100DED378 /* PNGLoader.h */ = {isa = PBXFileReference; fileEncoding = 4; lastKnownFileType = sourcecode.c.h; path = PNGLoader.h; sourceTree = "<group>"; };
		E0E6D05111CFBA1100DED378 /* PNGLoader.cpp */ = {isa = PBXFileReference; fileEncoding = 4; lastKnownFileType = sourcecode.cpp.cpp; path = PNGLoader.cpp; sourceTree = "<group>"; };
/* End PBXFileReference section */

/* Begin PBXFrameworksBuildPhase section */
		8D15AC330486D014006FF6A4 /* Frameworks */ = {
			isa = PBXFrameworksBuildPhase;
			buildActionMask = 2147483647;
			files = (
				8D15AC340486D014006FF6A4 /* Cocoa.framework in Frameworks */,
				8F29ACF4112EC88300459CEB /* Quartz.framework in Frameworks */,
				8F29AD46112F4FA800459CEB /* QuartzCore.framework in Frameworks */,
			);
			runOnlyForDeploymentPostprocessing = 0;
		};
		E0E6D03D11CFB7E400DED378 /* Frameworks */ = {
			isa = PBXFrameworksBuildPhase;
			buildActionMask = 2147483647;
			files = (
				E0E6D12B11CFC73800DED378 /* Quartz.framework in Frameworks */,
				E0E6D12C11CFC73800DED378 /* QuartzCore.framework in Frameworks */,
			);
			runOnlyForDeploymentPostprocessing = 0;
		};
/* End PBXFrameworksBuildPhase section */

/* Begin PBXGroup section */
		1058C7A6FEA54F5311CA2CBB /* Linked Frameworks */ = {
			isa = PBXGroup;
			children = (
				1058C7A7FEA54F5311CA2CBB /* Cocoa.framework */,
				8F29ACF3112EC88300459CEB /* Quartz.framework */,
				8F29AD45112F4FA800459CEB /* QuartzCore.framework */,
			);
			name = "Linked Frameworks";
			sourceTree = "<group>";
		};
		1058C7A8FEA54F5311CA2CBB /* Other Frameworks */ = {
			isa = PBXGroup;
			children = (
				2A37F4C4FDCFA73011CA2CEA /* AppKit.framework */,
				13E42FBA07B3F13500E4EEF1 /* CoreData.framework */,
				2A37F4C5FDCFA73011CA2CEA /* Foundation.framework */,
			);
			name = "Other Frameworks";
			sourceTree = "<group>";
		};
		19C28FB0FE9D524F11CA2CBB /* Products */ = {
			isa = PBXGroup;
			children = (
				8D15AC370486D014006FF6A4 /* VertexHelper.app */,
				E0E6D03F11CFB7E400DED378 /* VertexScanner */,
			);
			name = Products;
			sourceTree = "<group>";
		};
		2A37F4AAFDCFA73011CA2CEA /* VertexHelper */ = {
			isa = PBXGroup;
			children = (
				E0E6D04C11CFB96100DED378 /* CommandLine */,
				2A37F4ABFDCFA73011CA2CEA /* Classes */,
				2A37F4AFFDCFA73011CA2CEA /* Other Sources */,
				2A37F4B8FDCFA73011CA2CEA /* Resources */,
				2A37F4C3FDCFA73011CA2CEA /* Frameworks */,
				19C28FB0FE9D524F11CA2CBB /* Products */,
			);
			name = VertexHelper;
			sourceTree = "<group>";
		};
		2A37F4ABFDCFA73011CA2CEA /* Classes */ = {
			isa = PBXGroup;
			children = (
				E0E6CFE211CF660000DED378 /* VertexScanner.h */,
				E0E6CFE311CF660000DED378 /* VertexScanner.cpp */,
				8F29AD4F112F509600459CEB /* ImageViewGridLayer.h */,
				8F29AD50112F509600459CEB /* ImageViewGridLayer.m */,
				2A37F4AEFDCFA73011CA2CEA /* VertexDocument.h */,
				2A37F4ACFDCFA73011CA2CEA /* VertexDocument.m */,
				8FF6A23512C08E0D005EF244 /* PrioritySplitViewDelegate.h */,
				8FF6A23612C08E0D005EF244 /* PrioritySplitViewDelegate.m */,
				8FF6A30F12C0ADA6005EF244 /* SWImageView.h */,
				8FF6A31012C0ADA6005EF244 /* SWImageView.m */,
			);
			name = Classes;
			sourceTree = "<group>";
		};
		2A37F4AFFDCFA73011CA2CEA /* Other Sources */ = {
			isa = PBXGroup;
			children = (
				2564AD2C0F5327BB00F57823 /* VertexHelper_Prefix.pch */,
				2A37F4B0FDCFA73011CA2CEA /* main.m */,
			);
			name = "Other Sources";
			sourceTree = "<group>";
		};
		2A37F4B8FDCFA73011CA2CEA /* Resources */ = {
			isa = PBXGroup;
			children = (
				8F7B77F41136F58400DE53AE /* icon.icns */,
				8F7B77911136C35800DE53AE /* drop_sprite.png */,
				2A37F4B9FDCFA73011CA2CEA /* Credits.rtf */,
				8D15AC360486D014006FF6A4 /* VertexHelper-Info.plist */,
				089C165FFE840EACC02AAC07 /* InfoPlist.strings */,
				1DDD58280DA1D0D100B32029 /* VertexDocument.xib */,
				1DDD582A0DA1D0D100B32029 /* MainMenu.xib */,
			);
			name = Resources;
			sourceTree = "<group>";
		};
		2A37F4C3FDCFA73011CA2CEA /* Frameworks */ = {
			isa = PBXGroup;
			children = (
				1058C7A6FEA54F5311CA2CBB /* Linked Frameworks */,
				1058C7A8FEA54F5311CA2CBB /* Other Frameworks */,
			);
			name = Frameworks;
			sourceTree = "<group>";
		};
		E0E6D04C11CFB96100DED378 /* CommandLine */ = {
			isa = PBXGroup;
			children = (
				E0E6D04D11CFB98800DED378 /* VertexScannerMain.cpp */,
				E0E6D05011CFBA1100DED378 /* PNGLoader.h */,
				E0E6D05111CFBA1100DED378 /* PNGLoader.cpp */,
			);
			name = CommandLine;
			sourceTree = "<group>";
		};
/* End PBXGroup section */

/* Begin PBXNativeTarget section */
		8D15AC270486D014006FF6A4 /* VertexHelper */ = {
			isa = PBXNativeTarget;
			buildConfigurationList = C05733C708A9546B00998B17 /* Build configuration list for PBXNativeTarget "VertexHelper" */;
			buildPhases = (
				8D15AC2B0486D014006FF6A4 /* Resources */,
				8D15AC300486D014006FF6A4 /* Sources */,
				8D15AC330486D014006FF6A4 /* Frameworks */,
			);
			buildRules = (
			);
			dependencies = (
			);
			name = VertexHelper;
			productInstallPath = "$(HOME)/Applications";
			productName = VertexHelper;
			productReference = 8D15AC370486D014006FF6A4 /* VertexHelper.app */;
			productType = "com.apple.product-type.application";
		};
		E0E6D03E11CFB7E400DED378 /* VertexScanner */ = {
			isa = PBXNativeTarget;
			buildConfigurationList = E0E6D04911CFB82800DED378 /* Build configuration list for PBXNativeTarget "VertexScanner" */;
			buildPhases = (
				E0E6D03C11CFB7E400DED378 /* Sources */,
				E0E6D03D11CFB7E400DED378 /* Frameworks */,
			);
			buildRules = (
			);
			comments = "Command-line tool target";
			dependencies = (
			);
			name = VertexScanner;
			productName = VertexScanner;
			productReference = E0E6D03F11CFB7E400DED378 /* VertexScanner */;
			productType = "com.apple.product-type.tool";
		};
/* End PBXNativeTarget section */

/* Begin PBXProject section */
		2A37F4A9FDCFA73011CA2CEA /* Project object */ = {
			isa = PBXProject;
			buildConfigurationList = C05733CB08A9546B00998B17 /* Build configuration list for PBXProject "VertexHelper" */;
			compatibilityVersion = "Xcode 3.1";
			developmentRegion = English;
			hasScannedForEncodings = 1;
			knownRegions = (
				English,
				Japanese,
				French,
				German,
			);
			mainGroup = 2A37F4AAFDCFA73011CA2CEA /* VertexHelper */;
			projectDirPath = "";
			projectRoot = "";
			targets = (
				8D15AC270486D014006FF6A4 /* VertexHelper */,
				E0E6D03E11CFB7E400DED378 /* VertexScanner */,
			);
		};
/* End PBXProject section */

/* Begin PBXResourcesBuildPhase section */
		8D15AC2B0486D014006FF6A4 /* Resources */ = {
			isa = PBXResourcesBuildPhase;
			buildActionMask = 2147483647;
			files = (
				8D15AC2C0486D014006FF6A4 /* Credits.rtf in Resources */,
				8D15AC2F0486D014006FF6A4 /* InfoPlist.strings in Resources */,
				1DDD582C0DA1D0D100B32029 /* VertexDocument.xib in Resources */,
				1DDD582D0DA1D0D100B32029 /* MainMenu.xib in Resources */,
				8F7B77921136C35800DE53AE /* drop_sprite.png in Resources */,
				8F7B77F51136F58400DE53AE /* icon.icns in Resources */,
			);
			runOnlyForDeploymentPostprocessing = 0;
		};
/* End PBXResourcesBuildPhase section */

/* Begin PBXSourcesBuildPhase section */
		8D15AC300486D014006FF6A4 /* Sources */ = {
			isa = PBXSourcesBuildPhase;
			buildActionMask = 2147483647;
			files = (
				8D15AC310486D014006FF6A4 /* VertexDocument.m in Sources */,
				8D15AC320486D014006FF6A4 /* main.m in Sources */,
				8F29AD51112F509600459CEB /* ImageViewGridLayer.m in Sources */,
				E0E6CFE411CF660000DED378 /* VertexScanner.cpp in Sources */,
				8FF6A23712C08E0D005EF244 /* PrioritySplitViewDelegate.m in Sources */,
				8FF6A31112C0ADA6005EF244 /* SWImageView.m in Sources */,
			);
			runOnlyForDeploymentPostprocessing = 0;
		};
		E0E6D03C11CFB7E400DED378 /* Sources */ = {
			isa = PBXSourcesBuildPhase;
			buildActionMask = 2147483647;
			files = (
				E0E6D04F11CFB99A00DED378 /* VertexScannerMain.cpp in Sources */,
				E0E6D04A11CFB95100DED378 /* VertexScanner.cpp in Sources */,
				E0E6D05211CFBA1100DED378 /* PNGLoader.cpp in Sources */,
			);
			runOnlyForDeploymentPostprocessing = 0;
		};
/* End PBXSourcesBuildPhase section */

/* Begin PBXVariantGroup section */
		089C165FFE840EACC02AAC07 /* InfoPlist.strings */ = {
			isa = PBXVariantGroup;
			children = (
				089C1660FE840EACC02AAC07 /* English */,
			);
			name = InfoPlist.strings;
			sourceTree = "<group>";
		};
		1DDD58280DA1D0D100B32029 /* VertexDocument.xib */ = {
			isa = PBXVariantGroup;
			children = (
				1DDD58290DA1D0D100B32029 /* English */,
			);
			name = VertexDocument.xib;
			sourceTree = "<group>";
		};
		1DDD582A0DA1D0D100B32029 /* MainMenu.xib */ = {
			isa = PBXVariantGroup;
			children = (
				1DDD582B0DA1D0D100B32029 /* English */,
			);
			name = MainMenu.xib;
			sourceTree = "<group>";
		};
		2A37F4B9FDCFA73011CA2CEA /* Credits.rtf */ = {
			isa = PBXVariantGroup;
			children = (
				2A37F4BAFDCFA73011CA2CEA /* English */,
			);
			name = Credits.rtf;
			sourceTree = "<group>";
		};
/* End PBXVariantGroup section */

/* Begin XCBuildConfiguration section */
		C05733C808A9546B00998B17 /* Debug */ = {
			isa = XCBuildConfiguration;
			buildSettings = {
				ALWAYS_SEARCH_USER_PATHS = NO;
				COPY_PHASE_STRIP = NO;
				GCC_DYNAMIC_NO_PIC = NO;
				GCC_ENABLE_FIX_AND_CONTINUE = YES;
				GCC_MODEL_TUNING = G5;
				GCC_OPTIMIZATION_LEVEL = 0;
				GCC_PRECOMPILE_PREFIX_HEADER = YES;
				GCC_PREFIX_HEADER = VertexHelper_Prefix.pch;
				INFOPLIST_FILE = "VertexHelper-Info.plist";
				INSTALL_PATH = "$(HOME)/Applications";
				MACOSX_DEPLOYMENT_TARGET = 10.5;
				PRODUCT_NAME = VertexHelper;
				SDKROOT = macosx;
			};
			name = Debug;
		};
		C05733C908A9546B00998B17 /* Release */ = {
			isa = XCBuildConfiguration;
			buildSettings = {
				ALWAYS_SEARCH_USER_PATHS = NO;
				DEBUG_INFORMATION_FORMAT = "dwarf-with-dsym";
				GCC_MODEL_TUNING = G5;
				GCC_PRECOMPILE_PREFIX_HEADER = YES;
				GCC_PREFIX_HEADER = VertexHelper_Prefix.pch;
				INFOPLIST_FILE = "VertexHelper-Info.plist";
				INSTALL_PATH = "$(HOME)/Applications";
				MACOSX_DEPLOYMENT_TARGET = 10.5;
				PRODUCT_NAME = VertexHelper;
				SDKROOT = macosx;
			};
			name = Release;
		};
		C05733CC08A9546B00998B17 /* Debug */ = {
			isa = XCBuildConfiguration;
			buildSettings = {
				ARCHS = "$(ARCHS_STANDARD_32_64_BIT)";
				GCC_C_LANGUAGE_STANDARD = gnu99;
				GCC_ENABLE_OBJC_GC = unsupported;
				GCC_OPTIMIZATION_LEVEL = 0;
				GCC_WARN_ABOUT_RETURN_TYPE = YES;
				GCC_WARN_UNUSED_VARIABLE = YES;
				ONLY_ACTIVE_ARCH = YES;
				PREBINDING = NO;
				SDKROOT = macosx10.5;
			};
			name = Debug;
		};
		C05733CD08A9546B00998B17 /* Release */ = {
			isa = XCBuildConfiguration;
			buildSettings = {
				ARCHS = "$(ARCHS_STANDARD_32_64_BIT)";
				GCC_C_LANGUAGE_STANDARD = gnu99;
				GCC_ENABLE_OBJC_GC = unsupported;
				GCC_WARN_ABOUT_RETURN_TYPE = YES;
				GCC_WARN_UNUSED_VARIABLE = YES;
				PREBINDING = NO;
				SDKROOT = macosx10.5;
			};
			name = Release;
		};
		E0E6D04111CFB7E500DED378 /* Debug */ = {
			isa = XCBuildConfiguration;
			buildSettings = {
				ALWAYS_SEARCH_USER_PATHS = NO;
				COPY_PHASE_STRIP = NO;
				GCC_DYNAMIC_NO_PIC = NO;
				GCC_ENABLE_FIX_AND_CONTINUE = YES;
				GCC_MODEL_TUNING = G5;
				GCC_OPTIMIZATION_LEVEL = 0;
				GCC_PRECOMPILE_PREFIX_HEADER = NO;
				INSTALL_PATH = /usr/local/bin;
				MACOSX_DEPLOYMENT_TARGET = 10.5;
				OTHER_LDFLAGS = (
					"-framework",
					Foundation,
					"-framework",
					AppKit,
				);
				PREBINDING = NO;
				PRODUCT_NAME = VertexScanner;
				SDKROOT = macosx;
			};
			name = Debug;
		};
		E0E6D04211CFB7E500DED378 /* Release */ = {
			isa = XCBuildConfiguration;
			buildSettings = {
				ALWAYS_SEARCH_USER_PATHS = NO;
				COPY_PHASE_STRIP = YES;
				DEBUG_INFORMATION_FORMAT = "dwarf-with-dsym";
				GCC_ENABLE_FIX_AND_CONTINUE = NO;
				GCC_MODEL_TUNING = G5;
				GCC_PRECOMPILE_PREFIX_HEADER = NO;
				INSTALL_PATH = /usr/local/bin;
				MACOSX_DEPLOYMENT_TARGET = 10.5;
				OTHER_LDFLAGS = (
					"-framework",
					Foundation,
					"-framework",
					AppKit,
				);
				PREBINDING = NO;
				PRODUCT_NAME = VertexScanner;
				SDKROOT = macosx;
				ZERO_LINK = NO;
			};
			name = Release;
		};
/* End XCBuildConfiguration section */

/* Begin XCConfigurationList section */
		C05733C708A9546B00998B17 /* Build configuration list for PBXNativeTarget "VertexHelper" */ = {
			isa = XCConfigurationList;
			buildConfigurations = (
				C05733C808A9546B00998B17 /* Debug */,
				C05733C908A9546B00998B17 /* Release */,
			);
			defaultConfigurationIsVisible = 0;
			defaultConfigurationName = Release;
		};
		C05733CB08A9546B00998B17 /* Build configuration list for PBXProject "VertexHelper" */ = {
			isa = XCConfigurationList;
			buildConfigurations = (
				C05733CC08A9546B00998B17 /* Debug */,
				C05733CD08A9546B00998B17 /* Release */,
			);
			defaultConfigurationIsVisible = 0;
			defaultConfigurationName = Release;
		};
		E0E6D04911CFB82800DED378 /* Build configuration list for PBXNativeTarget "VertexScanner" */ = {
			isa = XCConfigurationList;
			buildConfigurations = (
				E0E6D04111CFB7E500DED378 /* Debug */,
				E0E6D04211CFB7E500DED378 /* Release */,
			);
			defaultConfigurationIsVisible = 0;
			defaultConfigurationName = Release;
		};
/* End XCConfigurationList section */
	};
	rootObject = 2A37F4A9FDCFA73011CA2CEA /* Project object */;
}
